schema: '2.0'
stages:
  data_ingestion:
    cmd: python src/data_ingestion.py
    deps:
    - path: src/data_ingestion.py
      hash: md5
      md5: 4a70d829fc17217943387eb1695f2a85
      size: 3697
    params:
      params.yaml:
        data_ingestion.test_size: 0.15
    outs:
    - path: data/raw
      hash: md5
      md5: a15ba66afdf82f8659b031b175286ed3.dir
      size: 484846
      nfiles: 2
  data_preprocessing:
    cmd: python src/data_preprocessing.py
    deps:
    - path: data/raw
      hash: md5
      md5: a15ba66afdf82f8659b031b175286ed3.dir
      size: 484846
      nfiles: 2
    - path: src/data_preprocessing.py
      hash: md5
      md5: ae0059b79590609927f72e3c373f1865
      size: 3973
    outs:
    - path: data/interim
      hash: md5
      md5: 60a6fff4e80508df65a68e383fa2725e.dir
      size: 259164
      nfiles: 2
  feature_engineering:
    cmd: python src/feature_engineering.py
    deps:
    - path: data/interim
      hash: md5
      md5: 60a6fff4e80508df65a68e383fa2725e.dir
      size: 259164
      nfiles: 2
    - path: src/feature_engineering.py
      hash: md5
      md5: 81e6c4e723c2cbb4a8adce36adf5b0e3
      size: 3966
    params:
      params.yaml:
        feature_engineering.max_features: 100
    outs:
    - path: data/processed
      hash: md5
      md5: c4a067a1d327ab608ec0facdc7c7c378.dir
      size: 2297431
      nfiles: 2
  model_building:
    cmd: python src/model_building.py
    deps:
    - path: data/processed
      hash: md5
      md5: c4a067a1d327ab608ec0facdc7c7c378.dir
      size: 2297431
      nfiles: 2
    - path: src/model_building.py
      hash: md5
      md5: 114cbb668c8648bb72e2ffb3bbee65d5
      size: 4595
    params:
      params.yaml:
        model_building.n_estimators: 20
        model_building.random_state: 2
    outs:
    - path: models/model.pkl
      hash: md5
      md5: 5cb1120cdb7419a02e213b1581cc555e
      size: 1113159
  model_evaluation:
    cmd: python src/model_evaluation.py
    deps:
    - path: models/model.pkl
      hash: md5
      md5: 5cb1120cdb7419a02e213b1581cc555e
      size: 1113159
    - path: src/model_evaluation.py
      hash: md5
      md5: e3f235df47b72b95d5874f565ea664c8
      size: 3676
    outs:
    - path: reports/metrics.json
      hash: md5
      md5: a0e76ad3ce9d7802e0b62007c252f425
      size: 143
